PODS:
  - connectivity_plus (0.0.1):
    - Flutter
  - Flutter (1.0.0)
  - flutter_inappwebview_ios (0.0.1):
    - Flutter
    - flutter_inappwebview_ios/Core (= 0.0.1)
    - OrderedSet (~> 6.0.3)
  - flutter_inappwebview_ios/Core (0.0.1):
    - Flutter
    - OrderedSet (~> 6.0.3)
  - flutter_secure_storage (6.0.0):
    - Flutter
  - fluttertoast (0.0.2):
    - Flutter
  - integration_test (0.0.1):
    - Flutter
  - local_auth_darwin (0.0.1):
    - Flutter
    - FlutterMacOS
  - mobile_scanner (7.0.0):
    - Flutter
    - FlutterMacOS
  - OrderedSet (6.0.3)
  - package_info_plus (0.4.5):
    - Flutter
  - share_plus (0.0.1):
    - Flutter
  - shared_preferences_foundation (0.0.1):
    - Flutter
    - FlutterMacOS
  - url_launcher_ios (0.0.1):
    - Flutter
  - workmanager_apple (0.0.1):
    - Flutter
  - zero_wallet (0.0.1):
    - Flutter

DEPENDENCIES:
  - connectivity_plus (from `.symlinks/plugins/connectivity_plus/ios`)
  - Flutter (from `Flutter`)
  - flutter_inappwebview_ios (from `.symlinks/plugins/flutter_inappwebview_ios/ios`)
  - flutter_secure_storage (from `.symlinks/plugins/flutter_secure_storage/ios`)
  - fluttertoast (from `.symlinks/plugins/fluttertoast/ios`)
  - integration_test (from `.symlinks/plugins/integration_test/ios`)
  - local_auth_darwin (from `.symlinks/plugins/local_auth_darwin/darwin`)
  - mobile_scanner (from `.symlinks/plugins/mobile_scanner/darwin`)
  - package_info_plus (from `.symlinks/plugins/package_info_plus/ios`)
  - share_plus (from `.symlinks/plugins/share_plus/ios`)
  - shared_preferences_foundation (from `.symlinks/plugins/shared_preferences_foundation/darwin`)
  - url_launcher_ios (from `.symlinks/plugins/url_launcher_ios/ios`)
  - workmanager_apple (from `.symlinks/plugins/workmanager_apple/ios`)
  - zero_wallet (from `.symlinks/plugins/zero_wallet/ios`)

SPEC REPOS:
  trunk:
    - OrderedSet

EXTERNAL SOURCES:
  connectivity_plus:
    :path: ".symlinks/plugins/connectivity_plus/ios"
  Flutter:
    :path: Flutter
  flutter_inappwebview_ios:
    :path: ".symlinks/plugins/flutter_inappwebview_ios/ios"
  flutter_secure_storage:
    :path: ".symlinks/plugins/flutter_secure_storage/ios"
  fluttertoast:
    :path: ".symlinks/plugins/fluttertoast/ios"
  integration_test:
    :path: ".symlinks/plugins/integration_test/ios"
  local_auth_darwin:
    :path: ".symlinks/plugins/local_auth_darwin/darwin"
  mobile_scanner:
    :path: ".symlinks/plugins/mobile_scanner/darwin"
  package_info_plus:
    :path: ".symlinks/plugins/package_info_plus/ios"
  share_plus:
    :path: ".symlinks/plugins/share_plus/ios"
  shared_preferences_foundation:
    :path: ".symlinks/plugins/shared_preferences_foundation/darwin"
  url_launcher_ios:
    :path: ".symlinks/plugins/url_launcher_ios/ios"
  workmanager_apple:
    :path: ".symlinks/plugins/workmanager_apple/ios"
  zero_wallet:
    :path: ".symlinks/plugins/zero_wallet/ios"

SPEC CHECKSUMS:
  connectivity_plus: cb623214f4e1f6ef8fe7403d580fdad517d2f7dd
  Flutter: cabc95a1d2626b1b06e7179b784ebcf0c0cde467
  flutter_inappwebview_ios: b89ba3482b96fb25e00c967aae065701b66e9b99
  flutter_secure_storage: 1ed9476fba7e7a782b22888f956cce43e2c62f13
  fluttertoast: 2c67e14dce98bbdb200df9e1acf610d7a6264ea1
  integration_test: 4a889634ef21a45d28d50d622cf412dc6d9f586e
  local_auth_darwin: c3ee6cce0a8d56be34c8ccb66ba31f7f180aaebb
  mobile_scanner: 9157936403f5a0644ca3779a38ff8404c5434a93
  OrderedSet: e539b66b644ff081c73a262d24ad552a69be3a94
  package_info_plus: af8e2ca6888548050f16fa2f1938db7b5a5df499
  share_plus: 50da8cb520a8f0f65671c6c6a99b3617ed10a58a
  shared_preferences_foundation: 7036424c3d8ec98dfe75ff1667cb0cd531ec82bb
  url_launcher_ios: 7a95fa5b60cc718a708b8f2966718e93db0cef1b
  workmanager_apple: 904529ae31e97fc5be632cf628507652294a0778
  zero_wallet: 2885fffca4d40b5374273524d2d8738a4c2df43d

PODFILE CHECKSUM: e30f02f9d1c72c47bb6344a0a748c9d268180865

COCOAPODS: 1.16.2
